{
  "version": 4,
  "terraform_version": "1.7.1",
  "serial": 192,
  "lineage": "eee21aef-cd66-5576-3b51-d26bf9ddc88d",
  "outputs": {},
  "resources": [
    {
      "mode": "managed",
      "type": "github_issue",
      "name": "tasks",
      "provider": "provider[\"registry.terraform.io/integrations/github\"]",
      "instances": [
        {
          "index_key": 0,
          "schema_version": 0,
          "attributes": {
            "assignees": null,
            "body": "The builder stage packages all the tools and compile-time dependencies for your application.\nIt has to build the mix release that will be copied in the running stage.\n",
            "etag": "W/\"a09373ab0b64d45dfa8da7d46d91080b3ef1a1de5789a622d098855daf4a2fe0\"",
            "id": "kanban:2",
            "issue_id": 2548936512,
            "labels": [
              "Dockerfile",
              "Kind:Infrastructure"
            ],
            "milestone_number": 4,
            "number": 2,
            "repository": "kanban",
            "title": "Implement the Dockerfile's builder stage"
          },
          "sensitive_attributes": [],
          "private": "bnVsbA==",
          "dependencies": [
            "github_issue_label.issue_labels",
            "github_repository.kanban",
            "github_repository_milestone.epics"
          ]
        },
        {
          "index_key": 1,
          "schema_version": 0,
          "attributes": {
            "assignees": null,
            "body": "This stage copies the release built in the builder stage and uses it as the entrypoint of your Docker image with the minimum system requirement to run it.\n",
            "etag": "W/\"75e88a291437d49707a953b668f97bbda59550ef04e153f8f252110c25d71ffc\"",
            "id": "kanban:3",
            "issue_id": 2548936574,
            "labels": [
              "Dockerfile",
              "Kind:Infrastructure"
            ],
            "milestone_number": 4,
            "number": 3,
            "repository": "kanban",
            "title": "Implement the Dockerfile's runner stage"
          },
          "sensitive_attributes": [],
          "private": "bnVsbA==",
          "dependencies": [
            "github_issue_label.issue_labels",
            "github_repository.kanban",
            "github_repository_milestone.epics"
          ]
        },
        {
          "index_key": 2,
          "schema_version": 0,
          "attributes": {
            "assignees": null,
            "body": "Implement a CI pipeline that includes all of the necessary steps when delivering an Elixir application: code compilation, dependency caching, testing, code formatting, an unused dependency check.\n",
            "etag": "W/\"852a82a318cd9e8d404c20ba023a1c7efadd72ca7b116d1c07d7c8f64cf3b445\"",
            "id": "kanban:1",
            "issue_id": 2548936462,
            "labels": [
              "Kind:CI-CD",
              "Tech:Elixir"
            ],
            "milestone_number": 5,
            "number": 1,
            "repository": "kanban",
            "title": "Elixir integration pipelines"
          },
          "sensitive_attributes": [],
          "private": "bnVsbA==",
          "dependencies": [
            "github_issue_label.issue_labels",
            "github_repository.kanban",
            "github_repository_milestone.epics"
          ]
        }
      ]
    },
    {
      "mode": "managed",
      "type": "github_issue_label",
      "name": "issue_labels",
      "provider": "provider[\"registry.terraform.io/integrations/github\"]",
      "instances": [
        {
          "index_key": "dockerfile",
          "schema_version": 0,
          "attributes": {
            "color": "3895AD",
            "description": "",
            "etag": "W/\"e79d78e71aa694efb581f466412ff9aec4e1632751ca337eacb54f975fc2e1dd\"",
            "id": "kanban:Dockerfile",
            "name": "Dockerfile",
            "repository": "kanban",
            "url": "https://api.github.com/repos/RobertCGouge/kanban/labels/Dockerfile"
          },
          "sensitive_attributes": [],
          "private": "bnVsbA==",
          "dependencies": [
            "github_repository.kanban"
          ]
        },
        {
          "index_key": "env-aws",
          "schema_version": 0,
          "attributes": {
            "color": "D3A968",
            "description": "",
            "etag": "W/\"bc41ef9c9ee06915c125c4d62bb238cf5420570d97f24b80af3b02582e65795d\"",
            "id": "kanban:Env:AWS",
            "name": "Env:AWS",
            "repository": "kanban",
            "url": "https://api.github.com/repos/RobertCGouge/kanban/labels/Env:AWS"
          },
          "sensitive_attributes": [],
          "private": "bnVsbA==",
          "dependencies": [
            "github_repository.kanban"
          ]
        },
        {
          "index_key": "env-local",
          "schema_version": 0,
          "attributes": {
            "color": "0075ca",
            "description": "",
            "etag": "W/\"82a30ae4074d47957157ddedfc3e8f05efc725535a4671456e347cbb22e435b3\"",
            "id": "kanban:Env:Local",
            "name": "Env:Local",
            "repository": "kanban",
            "url": "https://api.github.com/repos/RobertCGouge/kanban/labels/Env:Local"
          },
          "sensitive_attributes": [],
          "private": "bnVsbA==",
          "dependencies": [
            "github_repository.kanban"
          ]
        },
        {
          "index_key": "kind-ci-cd",
          "schema_version": 0,
          "attributes": {
            "color": "FBCA04",
            "description": "",
            "etag": "W/\"f76194e686beb0263d218ca01c8f012f61dfa3c38f50000e9f33b19e7125e93c\"",
            "id": "kanban:Kind:CI-CD",
            "name": "Kind:CI-CD",
            "repository": "kanban",
            "url": "https://api.github.com/repos/RobertCGouge/kanban/labels/Kind:CI-CD"
          },
          "sensitive_attributes": [],
          "private": "bnVsbA==",
          "dependencies": [
            "github_repository.kanban"
          ]
        },
        {
          "index_key": "kind-documentation",
          "schema_version": 0,
          "attributes": {
            "color": "5319E7",
            "description": "",
            "etag": "W/\"2ea6f7baadebe38e372f4cf7fee2015637730e976a4b541e871de530df9edd81\"",
            "id": "kanban:Kind:Documentation",
            "name": "Kind:Documentation",
            "repository": "kanban",
            "url": "https://api.github.com/repos/RobertCGouge/kanban/labels/Kind:Documentation"
          },
          "sensitive_attributes": [],
          "private": "bnVsbA==",
          "dependencies": [
            "github_repository.kanban"
          ]
        },
        {
          "index_key": "kind-infrastructure",
          "schema_version": 0,
          "attributes": {
            "color": "B60205",
            "description": "",
            "etag": "W/\"0a6cffaf703b9860efb9c57135666575ca4a578244bcbb4f4f9d6fd51739331b\"",
            "id": "kanban:Kind:Infrastructure",
            "name": "Kind:Infrastructure",
            "repository": "kanban",
            "url": "https://api.github.com/repos/RobertCGouge/kanban/labels/Kind:Infrastructure"
          },
          "sensitive_attributes": [],
          "private": "bnVsbA==",
          "dependencies": [
            "github_repository.kanban"
          ]
        },
        {
          "index_key": "kind-instrumentation",
          "schema_version": 0,
          "attributes": {
            "color": "0E8A16",
            "description": "",
            "etag": "W/\"62dd9d0421222c3289bc8165576994f1eab9e63d08a07531f4920469712e5e8f\"",
            "id": "kanban:Kind:Instrumentation",
            "name": "Kind:Instrumentation",
            "repository": "kanban",
            "url": "https://api.github.com/repos/RobertCGouge/kanban/labels/Kind:Instrumentation"
          },
          "sensitive_attributes": [],
          "private": "bnVsbA==",
          "dependencies": [
            "github_repository.kanban"
          ]
        },
        {
          "index_key": "kind-uncategorized",
          "schema_version": 0,
          "attributes": {
            "color": "D93F0B",
            "description": "",
            "etag": "W/\"8b4b36964c5f023885c4bc7e473539a6067d0bd26d403fd0cd53e4c4ce0a8d08\"",
            "id": "kanban:Kind:Uncategorized",
            "name": "Kind:Uncategorized",
            "repository": "kanban",
            "url": "https://api.github.com/repos/RobertCGouge/kanban/labels/Kind:Uncategorized"
          },
          "sensitive_attributes": [],
          "private": "bnVsbA==",
          "dependencies": [
            "github_repository.kanban"
          ]
        },
        {
          "index_key": "tech-docker",
          "schema_version": 0,
          "attributes": {
            "color": "1D76DB",
            "description": "",
            "etag": "W/\"1911ec2448708080d177e361277835ad13d97899cbad7585f12f7dd230d8eea4\"",
            "id": "kanban:Tech:Docker",
            "name": "Tech:Docker",
            "repository": "kanban",
            "url": "https://api.github.com/repos/RobertCGouge/kanban/labels/Tech:Docker"
          },
          "sensitive_attributes": [],
          "private": "bnVsbA==",
          "dependencies": [
            "github_repository.kanban"
          ]
        },
        {
          "index_key": "tech-docker-compose",
          "schema_version": 0,
          "attributes": {
            "color": "006B75",
            "description": "",
            "etag": "W/\"e18dc2d823cfd4739de4680c1fb61cca70ac40c83a9e2769f5c03affbdc7b367\"",
            "id": "kanban:Tech:Docker-Compose",
            "name": "Tech:Docker-Compose",
            "repository": "kanban",
            "url": "https://api.github.com/repos/RobertCGouge/kanban/labels/Tech:Docker-Compose"
          },
          "sensitive_attributes": [],
          "private": "bnVsbA==",
          "dependencies": [
            "github_repository.kanban"
          ]
        },
        {
          "index_key": "tech-elixir",
          "schema_version": 0,
          "attributes": {
            "color": "D9B1FC",
            "description": "",
            "etag": "W/\"19e0f2b1963196ad497e41c85229765f99c8ab99a28f7042a474f8bb1122d3f5\"",
            "id": "kanban:Tech:Elixir",
            "name": "Tech:Elixir",
            "repository": "kanban",
            "url": "https://api.github.com/repos/RobertCGouge/kanban/labels/Tech:Elixir"
          },
          "sensitive_attributes": [],
          "private": "bnVsbA==",
          "dependencies": [
            "github_repository.kanban"
          ]
        },
        {
          "index_key": "tech-gha",
          "schema_version": 0,
          "attributes": {
            "color": "66FE68",
            "description": "",
            "etag": "W/\"da372a6607172702bded1e3041edc574a3a1df6e5c4c14b41e20e401d2910dee\"",
            "id": "kanban:Tech:GHA",
            "name": "Tech:GHA",
            "repository": "kanban",
            "url": "https://api.github.com/repos/RobertCGouge/kanban/labels/Tech:GHA"
          },
          "sensitive_attributes": [],
          "private": "bnVsbA==",
          "dependencies": [
            "github_repository.kanban"
          ]
        },
        {
          "index_key": "tech-packer",
          "schema_version": 0,
          "attributes": {
            "color": "1D76DB",
            "description": "",
            "etag": "W/\"46a181ef8ca73cddc619d3984df94b37b7a513a2e844e0ec14c26ff6f150009c\"",
            "id": "kanban:Tech:Packer",
            "name": "Tech:Packer",
            "repository": "kanban",
            "url": "https://api.github.com/repos/RobertCGouge/kanban/labels/Tech:Packer"
          },
          "sensitive_attributes": [],
          "private": "bnVsbA==",
          "dependencies": [
            "github_repository.kanban"
          ]
        },
        {
          "index_key": "tech-sops",
          "schema_version": 0,
          "attributes": {
            "color": "F9D0C4",
            "description": "",
            "etag": "W/\"e02315220b823296d95b1c595abf1252f5a69c2ff547cc7c990095129695934c\"",
            "id": "kanban:Tech:SOPS",
            "name": "Tech:SOPS",
            "repository": "kanban",
            "url": "https://api.github.com/repos/RobertCGouge/kanban/labels/Tech:SOPS"
          },
          "sensitive_attributes": [],
          "private": "bnVsbA==",
          "dependencies": [
            "github_repository.kanban"
          ]
        },
        {
          "index_key": "tech-terraform",
          "schema_version": 0,
          "attributes": {
            "color": "5319A1",
            "description": "",
            "etag": "W/\"d203f4f7103b78795359395713edcdc8b656953063a097ffb563cdd6bd747f70\"",
            "id": "kanban:Tech:Terraform",
            "name": "Tech:Terraform",
            "repository": "kanban",
            "url": "https://api.github.com/repos/RobertCGouge/kanban/labels/Tech:Terraform"
          },
          "sensitive_attributes": [],
          "private": "bnVsbA==",
          "dependencies": [
            "github_repository.kanban"
          ]
        }
      ]
    },
    {
      "mode": "managed",
      "type": "github_repository",
      "name": "kanban",
      "provider": "provider[\"registry.terraform.io/integrations/github\"]",
      "instances": [
        {
          "schema_version": 1,
          "attributes": {
            "allow_auto_merge": false,
            "allow_merge_commit": true,
            "allow_rebase_merge": true,
            "allow_squash_merge": true,
            "allow_update_branch": false,
            "archive_on_destroy": null,
            "archived": false,
            "auto_init": true,
            "default_branch": "main",
            "delete_branch_on_merge": true,
            "description": "Taking the BEAM to production pragmatically.",
            "etag": "W/\"33806ff244c8cacbc9f7320828150727bbf6a44d2ed4b81e38b370c401d97b89\"",
            "full_name": "RobertCGouge/kanban",
            "git_clone_url": "git://github.com/RobertCGouge/kanban.git",
            "gitignore_template": "Terraform",
            "has_discussions": false,
            "has_downloads": false,
            "has_issues": true,
            "has_projects": false,
            "has_wiki": false,
            "homepage_url": "",
            "html_url": "https://github.com/RobertCGouge/kanban",
            "http_clone_url": "https://github.com/RobertCGouge/kanban.git",
            "id": "kanban",
            "ignore_vulnerability_alerts_during_read": null,
            "is_template": false,
            "license_template": null,
            "merge_commit_message": "PR_TITLE",
            "merge_commit_title": "MERGE_MESSAGE",
            "name": "kanban",
            "node_id": "R_kgDOM3LOrA",
            "pages": [],
            "primary_language": "",
            "private": false,
            "repo_id": 863162028,
            "security_and_analysis": [
              {
                "advanced_security": [],
                "secret_scanning": [
                  {
                    "status": "enabled"
                  }
                ],
                "secret_scanning_push_protection": [
                  {
                    "status": "enabled"
                  }
                ]
              }
            ],
            "squash_merge_commit_message": "COMMIT_MESSAGES",
            "squash_merge_commit_title": "COMMIT_OR_PR_TITLE",
            "ssh_clone_url": "git@github.com:RobertCGouge/kanban.git",
            "svn_url": "https://github.com/RobertCGouge/kanban",
            "template": [],
            "topics": [],
            "visibility": "public",
            "vulnerability_alerts": false
          },
          "sensitive_attributes": [],
          "private": "eyJzY2hlbWFfdmVyc2lvbiI6IjEifQ=="
        }
      ]
    },
    {
      "mode": "managed",
      "type": "github_repository_milestone",
      "name": "epics",
      "provider": "provider[\"registry.terraform.io/integrations/github\"]",
      "instances": [
        {
          "index_key": "ci-cd",
          "schema_version": 0,
          "attributes": {
            "description": "This milestone will include all deliverables that have to do with GitHub workflows that will perform the basic checks for an Elixir application.\nIt will also build the Docker image and pull the latest images in production.\n",
            "due_date": "2024-10-30",
            "id": "robertcgouge/kanban/5",
            "number": 5,
            "owner": "robertcgouge",
            "repository": "kanban",
            "state": "open",
            "title": "Continuous Deployment / Continuous Integration"
          },
          "sensitive_attributes": [],
          "private": "bnVsbA==",
          "dependencies": [
            "github_repository.kanban"
          ]
        },
        {
          "index_key": "documentation",
          "schema_version": 0,
          "attributes": {
            "description": "This milestone includes documentation for Terraform, Elixir, Packer and others and will converge with CI when needed.\n",
            "due_date": "",
            "id": "robertcgouge/kanban/1",
            "number": 1,
            "owner": "robertcgouge",
            "repository": "kanban",
            "state": "open",
            "title": "Documentation"
          },
          "sensitive_attributes": [],
          "private": "bnVsbA==",
          "dependencies": [
            "github_repository.kanban"
          ]
        },
        {
          "index_key": "infrastructure",
          "schema_version": 0,
          "attributes": {
            "description": "This milestone includes all the deliverables related to building the application (e.g Dockerfile, provisioning AWS, the local environment and the base AMI with Packer).\n",
            "due_date": "2024-10-30",
            "id": "robertcgouge/kanban/4",
            "number": 4,
            "owner": "robertcgouge",
            "repository": "kanban",
            "state": "open",
            "title": "Infrastructure"
          },
          "sensitive_attributes": [],
          "private": "bnVsbA==",
          "dependencies": [
            "github_repository.kanban"
          ]
        },
        {
          "index_key": "instrumentation",
          "schema_version": 0,
          "attributes": {
            "description": "This milestone will include all deliverables that have to do with the addition of basic instrumentation and BEAM specific metrics for your application.\nAny task(s) related to instrumentation (independently of which part of the stack they relate to) will be included in this milestone.\n",
            "due_date": "2024-10-30",
            "id": "robertcgouge/kanban/3",
            "number": 3,
            "owner": "robertcgouge",
            "repository": "kanban",
            "state": "open",
            "title": "Instrumentation"
          },
          "sensitive_attributes": [],
          "private": "bnVsbA==",
          "dependencies": [
            "github_repository.kanban"
          ]
        },
        {
          "index_key": "uncategorized",
          "schema_version": 0,
          "attributes": {
            "description": "A milestone to add all issues that do not fit in any of the other milestones.\nThis is an easy way to track those uncategorized tasks.\n",
            "due_date": "",
            "id": "robertcgouge/kanban/2",
            "number": 2,
            "owner": "robertcgouge",
            "repository": "kanban",
            "state": "open",
            "title": "Uncategorized"
          },
          "sensitive_attributes": [],
          "private": "bnVsbA==",
          "dependencies": [
            "github_repository.kanban"
          ]
        }
      ]
    }
  ],
  "check_results": null
}
