{
  "version": 4,
  "terraform_version": "1.7.1",
  "serial": 142,
  "lineage": "eee21aef-cd66-5576-3b51-d26bf9ddc88d",
  "outputs": {},
  "resources": [
    {
      "mode": "managed",
      "type": "github_issue",
      "name": "tasks",
      "provider": "provider[\"registry.terraform.io/integrations/github\"]",
      "instances": [
        {
          "index_key": 0,
          "schema_version": 0,
          "attributes": {
            "assignees": null,
            "body": "The builder stage packages all the tools and compile-time dependencies for your application.\nIt has to build the mix release that will be copied in the running stage.\n",
            "etag": "W/\"b13800852c107a86098e0651154271fd1bd0544c3de2e458ac554b79af1ec278\"",
            "id": "kanban:3",
            "issue_id": 2548521498,
            "labels": [
              "Dockerfile",
              "Kind:Infrastructure"
            ],
            "milestone_number": 2,
            "number": 3,
            "repository": "kanban",
            "title": "Implement the Dockerfile's builder stage"
          },
          "sensitive_attributes": [],
          "private": "bnVsbA==",
          "dependencies": [
            "github_issue_label.issue_labels",
            "github_repository.kanban",
            "github_repository_milestone.epics"
          ]
        },
        {
          "index_key": 1,
          "schema_version": 0,
          "attributes": {
            "assignees": null,
            "body": "This stage copies the release built in the builder stage and uses it as the entrypoint of your Docker image with the minimum system requirement to run it.\n",
            "etag": "W/\"0eb7f588abefa8f1d2f3221255d7c61e6690dddf5898f241d71e0136ab64a630\"",
            "id": "kanban:1",
            "issue_id": 2548521383,
            "labels": [
              "Dockerfile",
              "Kind:Infrastructure"
            ],
            "milestone_number": 2,
            "number": 1,
            "repository": "kanban",
            "title": "Implement the Dockerfile's runner stage"
          },
          "sensitive_attributes": [],
          "private": "bnVsbA==",
          "dependencies": [
            "github_issue_label.issue_labels",
            "github_repository.kanban",
            "github_repository_milestone.epics"
          ]
        },
        {
          "index_key": 2,
          "schema_version": 0,
          "attributes": {
            "assignees": null,
            "body": "Implement a CI pipeline that includes all of the necessary steps when delivering an Elixir application: code compilation, dependency caching, testing, code formatting, an unused dependency check.\n",
            "etag": "W/\"6ee5791ff607721192f2221734a11b130d62a4b280b2c1e4950fc6351ab28e33\"",
            "id": "kanban:2",
            "issue_id": 2548521431,
            "labels": [
              "Kind:CI-CD",
              "Tech:Elixir"
            ],
            "milestone_number": 5,
            "number": 2,
            "repository": "kanban",
            "title": "Elixir integration pipelines"
          },
          "sensitive_attributes": [],
          "private": "bnVsbA==",
          "dependencies": [
            "github_issue_label.issue_labels",
            "github_repository.kanban",
            "github_repository_milestone.epics"
          ]
        }
      ]
    },
    {
      "mode": "managed",
      "type": "github_issue_label",
      "name": "issue_labels",
      "provider": "provider[\"registry.terraform.io/integrations/github\"]",
      "instances": [
        {
          "index_key": "dockerfile",
          "schema_version": 0,
          "attributes": {
            "color": "3895AD",
            "description": "",
            "etag": "W/\"5970ab514395474e0e423c9badb4a9c1d5de8389c3fe73d680829db3c400312a\"",
            "id": "kanban:Dockerfile",
            "name": "Dockerfile",
            "repository": "kanban",
            "url": "https://api.github.com/repos/RobertCGouge/kanban/labels/Dockerfile"
          },
          "sensitive_attributes": [],
          "private": "bnVsbA==",
          "dependencies": [
            "github_repository.kanban"
          ]
        },
        {
          "index_key": "env-aws",
          "schema_version": 0,
          "attributes": {
            "color": "D3A968",
            "description": "",
            "etag": "W/\"7438cbf6bac70a559ef1e5bc444b1403183f622a0af86b5acc38c1d522ecdabc\"",
            "id": "kanban:Env:AWS",
            "name": "Env:AWS",
            "repository": "kanban",
            "url": "https://api.github.com/repos/RobertCGouge/kanban/labels/Env:AWS"
          },
          "sensitive_attributes": [],
          "private": "bnVsbA==",
          "dependencies": [
            "github_repository.kanban"
          ]
        },
        {
          "index_key": "env-local",
          "schema_version": 0,
          "attributes": {
            "color": "0075ca",
            "description": "",
            "etag": "W/\"0f0c1cb0ea63520f1209a68db6f34c94fe34fd01eab08145d5d4d26ef5d731e4\"",
            "id": "kanban:Env:Local",
            "name": "Env:Local",
            "repository": "kanban",
            "url": "https://api.github.com/repos/RobertCGouge/kanban/labels/Env:Local"
          },
          "sensitive_attributes": [],
          "private": "bnVsbA==",
          "dependencies": [
            "github_repository.kanban"
          ]
        },
        {
          "index_key": "kind-ci-cd",
          "schema_version": 0,
          "attributes": {
            "color": "FBCA04",
            "description": "",
            "etag": "W/\"7c9351776056fef8b9c571779e88fd6877deaa8314a667492f92e6502d1910af\"",
            "id": "kanban:Kind:CI-CD",
            "name": "Kind:CI-CD",
            "repository": "kanban",
            "url": "https://api.github.com/repos/RobertCGouge/kanban/labels/Kind:CI-CD"
          },
          "sensitive_attributes": [],
          "private": "bnVsbA==",
          "dependencies": [
            "github_repository.kanban"
          ]
        },
        {
          "index_key": "kind-documentation",
          "schema_version": 0,
          "attributes": {
            "color": "5319E7",
            "description": "",
            "etag": "W/\"c43fd8004cc6f33fc8297bddc1ded4d6b7624711cdd3f194b8047c5b4663a6ac\"",
            "id": "kanban:Kind:Documentation",
            "name": "Kind:Documentation",
            "repository": "kanban",
            "url": "https://api.github.com/repos/RobertCGouge/kanban/labels/Kind:Documentation"
          },
          "sensitive_attributes": [],
          "private": "bnVsbA==",
          "dependencies": [
            "github_repository.kanban"
          ]
        },
        {
          "index_key": "kind-infrastructure",
          "schema_version": 0,
          "attributes": {
            "color": "B60205",
            "description": "",
            "etag": "W/\"fe84b2c8fde40e68b14ebd46f4c1c9cbd6a90ff5deb8589e520fb15228aed57c\"",
            "id": "kanban:Kind:Infrastructure",
            "name": "Kind:Infrastructure",
            "repository": "kanban",
            "url": "https://api.github.com/repos/RobertCGouge/kanban/labels/Kind:Infrastructure"
          },
          "sensitive_attributes": [],
          "private": "bnVsbA==",
          "dependencies": [
            "github_repository.kanban"
          ]
        },
        {
          "index_key": "kind-instrumentation",
          "schema_version": 0,
          "attributes": {
            "color": "0E8A16",
            "description": "",
            "etag": "W/\"123b0bed1c9a57c8fe32313d8c087f12708351c51de5620ef16d64ae669a7c17\"",
            "id": "kanban:Kind:Instrumentation",
            "name": "Kind:Instrumentation",
            "repository": "kanban",
            "url": "https://api.github.com/repos/RobertCGouge/kanban/labels/Kind:Instrumentation"
          },
          "sensitive_attributes": [],
          "private": "bnVsbA==",
          "dependencies": [
            "github_repository.kanban"
          ]
        },
        {
          "index_key": "kind-uncategorized",
          "schema_version": 0,
          "attributes": {
            "color": "D93F0B",
            "description": "",
            "etag": "W/\"52b292d8dcae0fcee9647d67be9becc58838cd40508149811107910e2275b07b\"",
            "id": "kanban:Kind:Uncategorized",
            "name": "Kind:Uncategorized",
            "repository": "kanban",
            "url": "https://api.github.com/repos/RobertCGouge/kanban/labels/Kind:Uncategorized"
          },
          "sensitive_attributes": [],
          "private": "bnVsbA==",
          "dependencies": [
            "github_repository.kanban"
          ]
        },
        {
          "index_key": "tech-docker",
          "schema_version": 0,
          "attributes": {
            "color": "1D76DB",
            "description": "",
            "etag": "W/\"388eab30e4116fba3265894c26a5c0346ff776663f2f219468a2fc060b595f0a\"",
            "id": "kanban:Tech:Docker",
            "name": "Tech:Docker",
            "repository": "kanban",
            "url": "https://api.github.com/repos/RobertCGouge/kanban/labels/Tech:Docker"
          },
          "sensitive_attributes": [],
          "private": "bnVsbA==",
          "dependencies": [
            "github_repository.kanban"
          ]
        },
        {
          "index_key": "tech-docker-compose",
          "schema_version": 0,
          "attributes": {
            "color": "006B75",
            "description": "",
            "etag": "W/\"c6d2023279b1f2c2ff67ec464ba3ce30ed79f6f8afb0bc6736806b2ed37b0ca0\"",
            "id": "kanban:Tech:Docker-Compose",
            "name": "Tech:Docker-Compose",
            "repository": "kanban",
            "url": "https://api.github.com/repos/RobertCGouge/kanban/labels/Tech:Docker-Compose"
          },
          "sensitive_attributes": [],
          "private": "bnVsbA==",
          "dependencies": [
            "github_repository.kanban"
          ]
        },
        {
          "index_key": "tech-elixir",
          "schema_version": 0,
          "attributes": {
            "color": "D9B1FC",
            "description": "",
            "etag": "W/\"857dd65b75566b0a7d70f578d16a5e3581e624f6865cd6bade79734b11f25efe\"",
            "id": "kanban:Tech:Elixir",
            "name": "Tech:Elixir",
            "repository": "kanban",
            "url": "https://api.github.com/repos/RobertCGouge/kanban/labels/Tech:Elixir"
          },
          "sensitive_attributes": [],
          "private": "bnVsbA==",
          "dependencies": [
            "github_repository.kanban"
          ]
        },
        {
          "index_key": "tech-gha",
          "schema_version": 0,
          "attributes": {
            "color": "66FE68",
            "description": "",
            "etag": "W/\"ba75845b77aa84aa33ff0e715637f0eb2cc866090c4f4402b76f75748f619303\"",
            "id": "kanban:Tech:GHA",
            "name": "Tech:GHA",
            "repository": "kanban",
            "url": "https://api.github.com/repos/RobertCGouge/kanban/labels/Tech:GHA"
          },
          "sensitive_attributes": [],
          "private": "bnVsbA==",
          "dependencies": [
            "github_repository.kanban"
          ]
        },
        {
          "index_key": "tech-packer",
          "schema_version": 0,
          "attributes": {
            "color": "1D76DB",
            "description": "",
            "etag": "W/\"2a1077b296db3fe60e1e0cc50a5b931c65178e7a2cad83bf84d4414cf88e63ab\"",
            "id": "kanban:Tech:Packer",
            "name": "Tech:Packer",
            "repository": "kanban",
            "url": "https://api.github.com/repos/RobertCGouge/kanban/labels/Tech:Packer"
          },
          "sensitive_attributes": [],
          "private": "bnVsbA==",
          "dependencies": [
            "github_repository.kanban"
          ]
        },
        {
          "index_key": "tech-sops",
          "schema_version": 0,
          "attributes": {
            "color": "F9D0C4",
            "description": "",
            "etag": "W/\"54be54d13f4c395ce277f0d4d68f713ee296e7da05b7fe8c1ac404c70de8ad38\"",
            "id": "kanban:Tech:SOPS",
            "name": "Tech:SOPS",
            "repository": "kanban",
            "url": "https://api.github.com/repos/RobertCGouge/kanban/labels/Tech:SOPS"
          },
          "sensitive_attributes": [],
          "private": "bnVsbA==",
          "dependencies": [
            "github_repository.kanban"
          ]
        },
        {
          "index_key": "tech-terraform",
          "schema_version": 0,
          "attributes": {
            "color": "5319A1",
            "description": "",
            "etag": "W/\"e55f88b32019f0c269474f992edf45e2289d6d4fdff42c803fe095684ef64358\"",
            "id": "kanban:Tech:Terraform",
            "name": "Tech:Terraform",
            "repository": "kanban",
            "url": "https://api.github.com/repos/RobertCGouge/kanban/labels/Tech:Terraform"
          },
          "sensitive_attributes": [],
          "private": "bnVsbA==",
          "dependencies": [
            "github_repository.kanban"
          ]
        }
      ]
    },
    {
      "mode": "managed",
      "type": "github_repository",
      "name": "kanban",
      "provider": "provider[\"registry.terraform.io/integrations/github\"]",
      "instances": [
        {
          "schema_version": 1,
          "attributes": {
            "allow_auto_merge": false,
            "allow_merge_commit": true,
            "allow_rebase_merge": true,
            "allow_squash_merge": true,
            "allow_update_branch": false,
            "archive_on_destroy": null,
            "archived": false,
            "auto_init": true,
            "default_branch": "main",
            "delete_branch_on_merge": true,
            "description": "Taking the BEAM to production pragmatically.",
            "etag": "W/\"3aaf12bfd508aed7f1602ecdc4a9d0946f1ebc47f17e366e1b7159da8bbfae1c\"",
            "full_name": "RobertCGouge/kanban",
            "git_clone_url": "git://github.com/RobertCGouge/kanban.git",
            "gitignore_template": "Terraform",
            "has_discussions": false,
            "has_downloads": false,
            "has_issues": true,
            "has_projects": false,
            "has_wiki": false,
            "homepage_url": "",
            "html_url": "https://github.com/RobertCGouge/kanban",
            "http_clone_url": "https://github.com/RobertCGouge/kanban.git",
            "id": "kanban",
            "ignore_vulnerability_alerts_during_read": null,
            "is_template": false,
            "license_template": null,
            "merge_commit_message": "PR_TITLE",
            "merge_commit_title": "MERGE_MESSAGE",
            "name": "kanban",
            "node_id": "R_kgDOM3FtKA",
            "pages": [],
            "primary_language": "",
            "private": false,
            "repo_id": 863071528,
            "security_and_analysis": [
              {
                "advanced_security": [],
                "secret_scanning": [
                  {
                    "status": "enabled"
                  }
                ],
                "secret_scanning_push_protection": [
                  {
                    "status": "enabled"
                  }
                ]
              }
            ],
            "squash_merge_commit_message": "COMMIT_MESSAGES",
            "squash_merge_commit_title": "COMMIT_OR_PR_TITLE",
            "ssh_clone_url": "git@github.com:RobertCGouge/kanban.git",
            "svn_url": "https://github.com/RobertCGouge/kanban",
            "template": [],
            "topics": [],
            "visibility": "public",
            "vulnerability_alerts": false
          },
          "sensitive_attributes": [],
          "private": "eyJzY2hlbWFfdmVyc2lvbiI6IjEifQ=="
        }
      ]
    },
    {
      "mode": "managed",
      "type": "github_repository_milestone",
      "name": "epics",
      "provider": "provider[\"registry.terraform.io/integrations/github\"]",
      "instances": [
        {
          "index_key": "ci-cd",
          "schema_version": 0,
          "attributes": {
            "description": "This milestone will include all deliverables that have to do with GitHub workflows that will perform the basic checks for an Elixir application.\nIt will also build the Docker image and pull the latest images in production.\n",
            "due_date": "2024-10-30",
            "id": "robertcgouge/kanban/5",
            "number": 5,
            "owner": "robertcgouge",
            "repository": "kanban",
            "state": "open",
            "title": "Continuous Deployment / Continuous Integration"
          },
          "sensitive_attributes": [],
          "private": "bnVsbA==",
          "dependencies": [
            "github_repository.kanban"
          ]
        },
        {
          "index_key": "documentation",
          "schema_version": 0,
          "attributes": {
            "description": "This milestone includes documentation for Terraform, Elixir, Packer and others and will converge with CI when needed.\n",
            "due_date": "",
            "id": "robertcgouge/kanban/1",
            "number": 1,
            "owner": "robertcgouge",
            "repository": "kanban",
            "state": "open",
            "title": "Documentation"
          },
          "sensitive_attributes": [],
          "private": "bnVsbA==",
          "dependencies": [
            "github_repository.kanban"
          ]
        },
        {
          "index_key": "infrastructure",
          "schema_version": 0,
          "attributes": {
            "description": "This milestone includes all the deliverables related to building the application (e.g Dockerfile, provisioning AWS, the local environment and the base AMI with Packer).\n",
            "due_date": "2024-10-30",
            "id": "robertcgouge/kanban/2",
            "number": 2,
            "owner": "robertcgouge",
            "repository": "kanban",
            "state": "open",
            "title": "Infrastructure"
          },
          "sensitive_attributes": [],
          "private": "bnVsbA==",
          "dependencies": [
            "github_repository.kanban"
          ]
        },
        {
          "index_key": "instrumentation",
          "schema_version": 0,
          "attributes": {
            "description": "This milestone will include all deliverables that have to do with the addition of basic instrumentation and BEAM specific metrics for your application.\nAny task(s) related to instrumentation (independently of which part of the stack they relate to) will be included in this milestone.\n",
            "due_date": "2024-10-30",
            "id": "robertcgouge/kanban/3",
            "number": 3,
            "owner": "robertcgouge",
            "repository": "kanban",
            "state": "open",
            "title": "Instrumentation"
          },
          "sensitive_attributes": [],
          "private": "bnVsbA==",
          "dependencies": [
            "github_repository.kanban"
          ]
        },
        {
          "index_key": "uncategorized",
          "schema_version": 0,
          "attributes": {
            "description": "A milestone to add all issues that do not fit in any of the other milestones.\nThis is an easy way to track those uncategorized tasks.\n",
            "due_date": "",
            "id": "robertcgouge/kanban/4",
            "number": 4,
            "owner": "robertcgouge",
            "repository": "kanban",
            "state": "open",
            "title": "Uncategorized"
          },
          "sensitive_attributes": [],
          "private": "bnVsbA==",
          "dependencies": [
            "github_repository.kanban"
          ]
        }
      ]
    }
  ],
  "check_results": null
}
